# This file is automatically @generated by Poetry 2.1.3 and should not be changed by hand.

[[package]]
name = "exifread"
version = "3.3.1"
description = "Library to extract Exif information from digital camera image files."
optional = false
python-versions = ">=3.7"
groups = ["main"]
files = [
    {file = "exifread-3.3.1-py3-none-any.whl", hash = "sha256:b7405f890738dbca9992f74a326a4ac3d51512cd129353950d69e774dc5a1767"},
    {file = "exifread-3.3.1.tar.gz", hash = "sha256:320d8596c1f674a1da2c10cf30408bb9675262c4c0181bebbd3570679d2f1340"},
]

[package.extras]
dev = ["build (>=1.0,<2.0)", "pre-commit (>=2.21,<3.0)", "pylint (>=3.0,<4.0)"]
test = ["pytest (>=7.4,<8.0)"]

[metadata]
lock-version = "2.1"
python-versions = "^3.11"
content-hash = "b8b71e13f99ce9be1f1035ae478359a8da73c89833a7b52795f28aacb4a1e200"
